{
  "name": "discord-bot",
  "version": "1.0.0",
  "lockfileVersion": 2,
  "requires": true,
  "packages": {
    "": {
      "name": "discord-bot",
      "version": "1.0.0",
      "dependencies": {
        "discord.js": "^14.13.0",
        "dotenv": "^16.4.5"
      }
    },
    "node_modules/discord.js": {
      "version": "14.13.0",
      "resolved": "https://registry.npmjs.org/discord.js/-/discord.js-14.13.0.tgz",
      "integrity": "sha512-gUQHdVnnL5Unwkp5Y5XGLC+vIwcJGvRpz1qIEEJ..."
    },
    "node_modules/dotenv": {
      "version": "16.4.5",
      "resolved": "https://registry.npmjs.org/dotenv/-/dotenv-16.4.5.tgz",
      "integrity": "sha512-pk21MsTRV..."
    }
  },
  "dependencies": {
    "discord.js": {
      "version": "14.13.0"
    },
    "dotenv": {
      "version": "16.4.5"
    }
  }
}
