{
  "name": "discord-bot",
  "version": "1.0.0",
  "lockfileVersion": 3,
  "requires": true,
  "packages": {
    "": {
      "name": "discord-bot",
      "version": "1.0.0",
      "dependencies": {
        "discord.js": "^14.13.0",
        "dotenv": "^16.4.5"
      }
    }
  },
  "dependencies": {
    "discord.js": {
      "version": "14.13.0",
      "resolved": "https://registry.npmjs.org/discord.js/-/discord.js-14.13.0.tgz",
      "integrity": "sha512-Yz6c5WtkqJ0j0d60+c3Z6GnF5fguQaT4MdCVN8F6oPuhEdRwrl9MFDsJkFtA0VThF74uxPK6ZYKhQHoTxGaaAw==",
      "engines": {
        "node": ">=16.11.0"
      }
    },
    "dotenv": {
      "version": "16.4.5",
      "resolved": "https://registry.npmjs.org/dotenv/-/dotenv-16.4.5.tgz",
      "integrity": "sha512-wMBBaJVGgW3JZUMzNVhMQzMmZgf9C2VpZpIHceyWmU29Okp+lZmkYHYH3E0OqbmVV3trUzHeP7D4xqYHz5c4Sw==",
      "engines": {
        "node": ">=12"
      }
    }
  }
}

